// !$*UTF8*$!
{
	archiveVersion = 1;
	classes = {
	};
	objectVersion = 46;
	objects = {

/* Begin PBXBuildFile section */
		03E0027A0023B7EEB16A195A /* libPods-FMDBDemo.a in Frameworks */ = {isa = PBXBuildFile; fileRef = 0FF81EE4055C4B3EC925DF29 /* libPods-FMDBDemo.a */; };
		569114411EA9D45900A578C7 /* main.m in Sources */ = {isa = PBXBuildFile; fileRef = 569114401EA9D45900A578C7 /* main.m */; };
		569114441EA9D45900A578C7 /* AppDelegate.m in Sources */ = {isa = PBXBuildFile; fileRef = 569114431EA9D45900A578C7 /* AppDelegate.m */; };
		569114471EA9D45900A578C7 /* ViewController.m in Sources */ = {isa = PBXBuildFile; fileRef = 569114461EA9D45900A578C7 /* ViewController.m */; };
		5691144A1EA9D45900A578C7 /* Main.storyboard in Resources */ = {isa = PBXBuildFile; fileRef = 569114481EA9D45900A578C7 /* Main.storyboard */; };
		5691144C1EA9D45900A578C7 /* Assets.xcassets in Resources */ = {isa = PBXBuildFile; fileRef = 5691144B1EA9D45900A578C7 /* Assets.xcassets */; };
		5691144F1EA9D45900A578C7 /* LaunchScreen.storyboard in Resources */ = {isa = PBXBuildFile; fileRef = 5691144D1EA9D45900A578C7 /* LaunchScreen.storyboard */; };
		5691145A1EA9D45900A578C7 /* FMDBDemoTests.m in Sources */ = {isa = PBXBuildFile; fileRef = 569114591EA9D45900A578C7 /* FMDBDemoTests.m */; };
		569114651EA9D45900A578C7 /* FMDBDemoUITests.m in Sources */ = {isa = PBXBuildFile; fileRef = 569114641EA9D45900A578C7 /* FMDBDemoUITests.m */; };
/* End PBXBuildFile section */

/* Begin PBXContainerItemProxy section */
		569114561EA9D45900A578C7 /* PBXContainerItemProxy */ = {
			isa = PBXContainerItemProxy;
			containerPortal = 569114341EA9D45900A578C7 /* Project object */;
			proxyType = 1;
			remoteGlobalIDString = 5691143B1EA9D45900A578C7;
			remoteInfo = FMDBDemo;
		};
		569114611EA9D45900A578C7 /* PBXContainerItemProxy */ = {
			isa = PBXContainerItemProxy;
			containerPortal = 569114341EA9D45900A578C7 /* Project object */;
			proxyType = 1;
			remoteGlobalIDString = 5691143B1EA9D45900A578C7;
			remoteInfo = FMDBDemo;
		};
/* End PBXContainerItemProxy section */

/* Begin PBXFileReference section */
		0FF81EE4055C4B3EC925DF29 /* libPods-FMDBDemo.a */ = {isa = PBXFileReference; explicitFileType = archive.ar; includeInIndex = 0; path = "libPods-FMDBDemo.a"; sourceTree = BUILT_PRODUCTS_DIR; };
		3C024BB155CF5C7C677C71C3 /* Pods-FMDBDemo.debug.xcconfig */ = {isa = PBXFileReference; includeInIndex = 1; lastKnownFileType = text.xcconfig; name = "Pods-FMDBDemo.debug.xcconfig"; path = "Pods/Target Support Files/Pods-FMDBDemo/Pods-FMDBDemo.debug.xcconfig"; sourceTree = "<group>"; };
		5691143C1EA9D45900A578C7 /* FMDBDemo.app */ = {isa = PBXFileReference; explicitFileType = wrapper.application; includeInIndex = 0; path = FMDBDemo.app; sourceTree = BUILT_PRODUCTS_DIR; };
		569114401EA9D45900A578C7 /* main.m */ = {isa = PBXFileReference; lastKnownFileType = sourcecode.c.objc; path = main.m; sourceTree = "<group>"; };
		569114421EA9D45900A578C7 /* AppDelegate.h */ = {isa = PBXFileReference; lastKnownFileType = sourcecode.c.h; path = AppDelegate.h; sourceTree = "<group>"; };
		569114431EA9D45900A578C7 /* AppDelegate.m */ = {isa = PBXFileReference; lastKnownFileType = sourcecode.c.objc; path = AppDelegate.m; sourceTree = "<group>"; };
		569114451EA9D45900A578C7 /* ViewController.h */ = {isa = PBXFileReference; lastKnownFileType = sourcecode.c.h; path = ViewController.h; sourceTree = "<group>"; };
		569114461EA9D45900A578C7 /* ViewController.m */ = {isa = PBXFileReference; lastKnownFileType = sourcecode.c.objc; path = ViewController.m; sourceTree = "<group>"; };
		569114491EA9D45900A578C7 /* Base */ = {isa = PBXFileReference; lastKnownFileType = file.storyboard; name = Base; path = Base.lproj/Main.storyboard; sourceTree = "<group>"; };
		5691144B1EA9D45900A578C7 /* Assets.xcassets */ = {isa = PBXFileReference; lastKnownFileType = folder.assetcatalog; path = Assets.xcassets; sourceTree = "<group>"; };
		5691144E1EA9D45900A578C7 /* Base */ = {isa = PBXFileReference; lastKnownFileType = file.storyboard; name = Base; path = Base.lproj/LaunchScreen.storyboard; sourceTree = "<group>"; };
		569114501EA9D45900A578C7 /* Info.plist */ = {isa = PBXFileReference; lastKnownFileType = text.plist.xml; path = Info.plist; sourceTree = "<group>"; };
		569114551EA9D45900A578C7 /* FMDBDemoTests.xctest */ = {isa = PBXFileReference; explicitFileType = wrapper.cfbundle; includeInIndex = 0; path = FMDBDemoTests.xctest; sourceTree = BUILT_PRODUCTS_DIR; };
		569114591EA9D45900A578C7 /* FMDBDemoTests.m */ = {isa = PBXFileReference; lastKnownFileType = sourcecode.c.objc; path = FMDBDemoTests.m; sourceTree = "<group>"; };
		5691145B1EA9D45900A578C7 /* Info.plist */ = {isa = PBXFileReference; lastKnownFileType = text.plist.xml; path = Info.plist; sourceTree = "<group>"; };
		569114601EA9D45900A578C7 /* FMDBDemoUITests.xctest */ = {isa = PBXFileReference; explicitFileType = wrapper.cfbundle; includeInIndex = 0; path = FMDBDemoUITests.xctest; sourceTree = BUILT_PRODUCTS_DIR; };
		569114641EA9D45900A578C7 /* FMDBDemoUITests.m */ = {isa = PBXFileReference; lastKnownFileType = sourcecode.c.objc; path = FMDBDemoUITests.m; sourceTree = "<group>"; };
		569114661EA9D45900A578C7 /* Info.plist */ = {isa = PBXFileReference; lastKnownFileType = text.plist.xml; path = Info.plist; sourceTree = "<group>"; };
		A0A60D0810CC40584096C2EC /* Pods-FMDBDemo.release.xcconfig */ = {isa = PBXFileReference; includeInIndex = 1; lastKnownFileType = text.xcconfig; name = "Pods-FMDBDemo.release.xcconfig"; path = "Pods/Target Support Files/Pods-FMDBDemo/Pods-FMDBDemo.release.xcconfig"; sourceTree = "<group>"; };
/* End PBXFileReference section */

/* Begin PBXFrameworksBuildPhase section */
		569114391EA9D45900A578C7 /* Frameworks */ = {
			isa = PBXFrameworksBuildPhase;
			buildActionMask = 2147483647;
			files = (
				03E0027A0023B7EEB16A195A /* libPods-FMDBDemo.a in Frameworks */,
			);
			runOnlyForDeploymentPostprocessing = 0;
		};
		569114521EA9D45900A578C7 /* Frameworks */ = {
			isa = PBXFrameworksBuildPhase;
			buildActionMask = 2147483647;
			files = (
			);
			runOnlyForDeploymentPostprocessing = 0;
		};
		5691145D1EA9D45900A578C7 /* Frameworks */ = {
			isa = PBXFrameworksBuildPhase;
			buildActionMask = 2147483647;
			files = (
			);
			runOnlyForDeploymentPostprocessing = 0;
		};
/* End PBXFrameworksBuildPhase section */

/* Begin PBXGroup section */
		569114331EA9D45900A578C7 = {
			isa = PBXGroup;
			children = (
				5691143E1EA9D45900A578C7 /* FMDBDemo */,
				569114581EA9D45900A578C7 /* FMDBDemoTests */,
				569114631EA9D45900A578C7 /* FMDBDemoUITests */,
				5691143D1EA9D45900A578C7 /* Products */,
				C280F2474D9335AF2E9B4461 /* Pods */,
				A70DECFF05DA87A5306D9865 /* Frameworks */,
			);
			sourceTree = "<group>";
		};
		5691143D1EA9D45900A578C7 /* Products */ = {
			isa = PBXGroup;
			children = (
				5691143C1EA9D45900A578C7 /* FMDBDemo.app */,
				569114551EA9D45900A578C7 /* FMDBDemoTests.xctest */,
				569114601EA9D45900A578C7 /* FMDBDemoUITests.xctest */,
			);
			name = Products;
			sourceTree = "<group>";
		};
		5691143E1EA9D45900A578C7 /* FMDBDemo */ = {
			isa = PBXGroup;
			children = (
				569114421EA9D45900A578C7 /* AppDelegate.h */,
				569114431EA9D45900A578C7 /* AppDelegate.m */,
				569114451EA9D45900A578C7 /* ViewController.h */,
				569114461EA9D45900A578C7 /* ViewController.m */,
				569114481EA9D45900A578C7 /* Main.storyboard */,
				5691144B1EA9D45900A578C7 /* Assets.xcassets */,
				5691144D1EA9D45900A578C7 /* LaunchScreen.storyboard */,
				569114501EA9D45900A578C7 /* Info.plist */,
				5691143F1EA9D45900A578C7 /* Supporting Files */,
			);
			path = FMDBDemo;
			sourceTree = "<group>";
		};
		5691143F1EA9D45900A578C7 /* Supporting Files */ = {
			isa = PBXGroup;
			children = (
				569114401EA9D45900A578C7 /* main.m */,
			);
			name = "Supporting Files";
			sourceTree = "<group>";
		};
		569114581EA9D45900A578C7 /* FMDBDemoTests */ = {
			isa = PBXGroup;
			children = (
				569114591EA9D45900A578C7 /* FMDBDemoTests.m */,
				5691145B1EA9D45900A578C7 /* Info.plist */,
			);
			path = FMDBDemoTests;
			sourceTree = "<group>";
		};
		569114631EA9D45900A578C7 /* FMDBDemoUITests */ = {
			isa = PBXGroup;
			children = (
				569114641EA9D45900A578C7 /* FMDBDemoUITests.m */,
				569114661EA9D45900A578C7 /* Info.plist */,
			);
			path = FMDBDemoUITests;
			sourceTree = "<group>";
		};
		A70DECFF05DA87A5306D9865 /* Frameworks */ = {
			isa = PBXGroup;
			children = (
				0FF81EE4055C4B3EC925DF29 /* libPods-FMDBDemo.a */,
			);
			name = Frameworks;
			sourceTree = "<group>";
		};
		C280F2474D9335AF2E9B4461 /* Pods */ = {
			isa = PBXGroup;
			children = (
				3C024BB155CF5C7C677C71C3 /* Pods-FMDBDemo.debug.xcconfig */,
				A0A60D0810CC40584096C2EC /* Pods-FMDBDemo.release.xcconfig */,
			);
			name = Pods;
			sourceTree = "<group>";
		};
/* End PBXGroup section */

/* Begin PBXNativeTarget section */
		5691143B1EA9D45900A578C7 /* FMDBDemo */ = {
			isa = PBXNativeTarget;
			buildConfigurationList = 569114691EA9D45900A578C7 /* Build configuration list for PBXNativeTarget "FMDBDemo" */;
			buildPhases = (
				44E0BE954235BBB6648BEA0D /* [CP] Check Pods Manifest.lock */,
				569114381EA9D45900A578C7 /* Sources */,
				569114391EA9D45900A578C7 /* Frameworks */,
				5691143A1EA9D45900A578C7 /* Resources */,
				E003437F04DD291FDF70C0AC /* [CP] Embed Pods Frameworks */,
				8842DB1C445AF4AF537F944F /* [CP] Copy Pods Resources */,
			);
			buildRules = (
			);
			dependencies = (
			);
			name = FMDBDemo;
			productName = FMDBDemo;
			productReference = 5691143C1EA9D45900A578C7 /* FMDBDemo.app */;
			productType = "com.apple.product-type.application";
		};
		569114541EA9D45900A578C7 /* FMDBDemoTests */ = {
			isa = PBXNativeTarget;
			buildConfigurationList = 5691146C1EA9D45900A578C7 /* Build configuration list for PBXNativeTarget "FMDBDemoTests" */;
			buildPhases = (
				569114511EA9D45900A578C7 /* Sources */,
				569114521EA9D45900A578C7 /* Frameworks */,
				569114531EA9D45900A578C7 /* Resources */,
			);
			buildRules = (
			);
			dependencies = (
				569114571EA9D45900A578C7 /* PBXTargetDependency */,
			);
			name = FMDBDemoTests;
			productName = FMDBDemoTests;
			productReference = 569114551EA9D45900A578C7 /* FMDBDemoTests.xctest */;
			productType = "com.apple.product-type.bundle.unit-test";
		};
		5691145F1EA9D45900A578C7 /* FMDBDemoUITests */ = {
			isa = PBXNativeTarget;
			buildConfigurationList = 5691146F1EA9D45900A578C7 /* Build configuration list for PBXNativeTarget "FMDBDemoUITests" */;
			buildPhases = (
				5691145C1EA9D45900A578C7 /* Sources */,
				5691145D1EA9D45900A578C7 /* Frameworks */,
				5691145E1EA9D45900A578C7 /* Resources */,
			);
			buildRules = (
			);
			dependencies = (
				569114621EA9D45900A578C7 /* PBXTargetDependency */,
			);
			name = FMDBDemoUITests;
			productName = FMDBDemoUITests;
			productReference = 569114601EA9D45900A578C7 /* FMDBDemoUITests.xctest */;
			productType = "com.apple.product-type.bundle.ui-testing";
		};
/* End PBXNativeTarget section */

/* Begin PBXProject section */
		569114341EA9D45900A578C7 /* Project object */ = {
			isa = PBXProject;
			attributes = {
				LastUpgradeCheck = 0830;
				ORGANIZATIONNAME = Mr_Jia;
				TargetAttributes = {
					5691143B1EA9D45900A578C7 = {
						CreatedOnToolsVersion = 8.3;
						ProvisioningStyle = Automatic;
					};
					569114541EA9D45900A578C7 = {
						CreatedOnToolsVersion = 8.3;
						ProvisioningStyle = Automatic;
						TestTargetID = 5691143B1EA9D45900A578C7;
					};
					5691145F1EA9D45900A578C7 = {
						CreatedOnToolsVersion = 8.3;
						ProvisioningStyle = Automatic;
						TestTargetID = 5691143B1EA9D45900A578C7;
					};
				};
			};
			buildConfigurationList = 569114371EA9D45900A578C7 /* Build configuration list for PBXProject "FMDBDemo" */;
			compatibilityVersion = "Xcode 3.2";
			developmentRegion = English;
			hasScannedForEncodings = 0;
			knownRegions = (
				en,
				Base,
			);
			mainGroup = 569114331EA9D45900A578C7;
			productRefGroup = 5691143D1EA9D45900A578C7 /* Products */;
			projectDirPath = "";
			projectRoot = "";
			targets = (
				5691143B1EA9D45900A578C7 /* FMDBDemo */,
				569114541EA9D45900A578C7 /* FMDBDemoTests */,
				5691145F1EA9D45900A578C7 /* FMDBDemoUITests */,
			);
		};
/* End PBXProject section */

/* Begin PBXResourcesBuildPhase section */
		5691143A1EA9D45900A578C7 /* Resources */ = {
			isa = PBXResourcesBuildPhase;
			buildActionMask = 2147483647;
			files = (
				5691144F1EA9D45900A578C7 /* LaunchScreen.storyboard in Resources */,
				5691144C1EA9D45900A578C7 /* Assets.xcassets in Resources */,
				5691144A1EA9D45900A578C7 /* Main.storyboard in Resources */,
			);
			runOnlyForDeploymentPostprocessing = 0;
		};
		569114531EA9D45900A578C7 /* Resources */ = {
			isa = PBXResourcesBuildPhase;
			buildActionMask = 2147483647;
			files = (
			);
			runOnlyForDeploymentPostprocessing = 0;
		};
		5691145E1EA9D45900A578C7 /* Resources */ = {
			isa = PBXResourcesBuildPhase;
			buildActionMask = 2147483647;
			files = (
			);
			runOnlyForDeploymentPostprocessing = 0;
		};
/* End PBXResourcesBuildPhase section */

/* Begin PBXShellScriptBuildPhase section */
		44E0BE954235BBB6648BEA0D /* [CP] Check Pods Manifest.lock */ = {
			isa = PBXShellScriptBuildPhase;
			buildActionMask = 2147483647;
			files = (
			);
			inputPaths = (
			);
			name = "[CP] Check Pods Manifest.lock";
			outputPaths = (
			);
			runOnlyForDeploymentPostprocessing = 0;
			shellPath = /bin/sh;
			shellScript = "diff \"${PODS_PODFILE_DIR_PATH}/Podfile.lock\" \"${PODS_ROOT}/Manifest.lock\" > /dev/null\nif [ $? != 0 ] ; then\n    # print error to STDERR\n    echo \"error: The sandbox is not in sync with the Podfile.lock. Run 'pod install' or update your CocoaPods installation.\" >&2\n    exit 1\nfi\n";
			showEnvVarsInLog = 0;
		};
		8842DB1C445AF4AF537F944F /* [CP] Copy Pods Resources */ = {
			isa = PBXShellScriptBuildPhase;
			buildActionMask = 2147483647;
			files = (
			);
			inputPaths = (
			);
			name = "[CP] Copy Pods Resources";
			outputPaths = (
			);
			runOnlyForDeploymentPostprocessing = 0;
			shellPath = /bin/sh;
			shellScript = "\"${SRCROOT}/Pods/Target Support Files/Pods-FMDBDemo/Pods-FMDBDemo-resources.sh\"\n";
			showEnvVarsInLog = 0;
		};
		E003437F04DD291FDF70C0AC /* [CP] Embed Pods Frameworks */ = {
			isa = PBXShellScriptBuildPhase;
			buildActionMask = 2147483647;
			files = (
			);
			inputPaths = (
			);
			name = "[CP] Embed Pods Frameworks";
			outputPaths = (
			);
			runOnlyForDeploymentPostprocessing = 0;
			shellPath = /bin/sh;
			shellScript = "\"${SRCROOT}/Pods/Target Support Files/Pods-FMDBDemo/Pods-FMDBDemo-frameworks.sh\"\n";
			showEnvVarsInLog = 0;
		};
/* End PBXShellScriptBuildPhase section */

/* Begin PBXSourcesBuildPhase section */
		569114381EA9D45900A578C7 /* Sources */ = {
			isa = PBXSourcesBuildPhase;
			buildActionMask = 2147483647;
			files = (
				569114471EA9D45900A578C7 /* ViewController.m in Sources */,
				569114441EA9D45900A578C7 /* AppDelegate.m in Sources */,
				569114411EA9D45900A578C7 /* main.m in Sources */,
			);
			runOnlyForDeploymentPostprocessing = 0;
		};
		569114511EA9D45900A578C7 /* Sources */ = {
			isa = PBXSourcesBuildPhase;
			buildActionMask = 2147483647;
			files = (
				5691145A1EA9D45900A578C7 /* FMDBDemoTests.m in Sources */,
			);
			runOnlyForDeploymentPostprocessing = 0;
		};
		5691145C1EA9D45900A578C7 /* Sources */ = {
			isa = PBXSourcesBuildPhase;
			buildActionMask = 2147483647;
			files = (
				569114651EA9D45900A578C7 /* FMDBDemoUITests.m in Sources */,
			);
			runOnlyForDeploymentPostprocessing = 0;
		};
/* End PBXSourcesBuildPhase section */

/* Begin PBXTargetDependency section */
		569114571EA9D45900A578C7 /* PBXTargetDependency */ = {
			isa = PBXTargetDependency;
			target = 5691143B1EA9D45900A578C7 /* FMDBDemo */;
			targetProxy = 569114561EA9D45900A578C7 /* PBXContainerItemProxy */;
		};
		569114621EA9D45900A578C7 /* PBXTargetDependency */ = {
			isa = PBXTargetDependency;
			target = 5691143B1EA9D45900A578C7 /* FMDBDemo */;
			targetProxy = 569114611EA9D45900A578C7 /* PBXContainerItemProxy */;
		};
/* End PBXTargetDependency section */

/* Begin PBXVariantGroup section */
		569114481EA9D45900A578C7 /* Main.storyboard */ = {
			isa = PBXVariantGroup;
			children = (
				569114491EA9D45900A578C7 /* Base */,
			);
			name = Main.storyboard;
			sourceTree = "<group>";
		};
		5691144D1EA9D45900A578C7 /* LaunchScreen.storyboard */ = {
			isa = PBXVariantGroup;
			children = (
				5691144E1EA9D45900A578C7 /* Base */,
			);
			name = LaunchScreen.storyboard;
			sourceTree = "<group>";
		};
/* End PBXVariantGroup section */

/* Begin XCBuildConfiguration section */
		569114671EA9D45900A578C7 /* Debug */ = {
			isa = XCBuildConfiguration;
			buildSettings = {
				ALWAYS_SEARCH_USER_PATHS = NO;
				CLANG_ANALYZER_NONNULL = YES;
				CLANG_ANALYZER_NUMBER_OBJECT_CONVERSION = YES_AGGRESSIVE;
				CLANG_CXX_LANGUAGE_STANDARD = "gnu++0x";
				CLANG_CXX_LIBRARY = "libc++";
				CLANG_ENABLE_MODULES = YES;
				CLANG_ENABLE_OBJC_ARC = YES;
				CLANG_WARN_BOOL_CONVERSION = YES;
				CLANG_WARN_CONSTANT_CONVERSION = YES;
				CLANG_WARN_DIRECT_OBJC_ISA_USAGE = YES_ERROR;
				CLANG_WARN_DOCUMENTATION_COMMENTS = YES;
				CLANG_WARN_EMPTY_BODY = YES;
				CLANG_WARN_ENUM_CONVERSION = YES;
				CLANG_WARN_INFINITE_RECURSION = YES;
				CLANG_WARN_INT_CONVERSION = YES;
				CLANG_WARN_OBJC_ROOT_CLASS = YES_ERROR;
				CLANG_WARN_SUSPICIOUS_MOVE = YES;
				CLANG_WARN_UNREACHABLE_CODE = YES;
				CLANG_WARN__DUPLICATE_METHOD_MATCH = YES;
				"CODE_SIGN_IDENTITY[sdk=iphoneos*]" = "iPhone Developer";
				COPY_PHASE_STRIP = NO;
				DEBUG_INFORMATION_FORMAT = dwarf;
				ENABLE_STRICT_OBJC_MSGSEND = YES;
				ENABLE_TESTABILITY = YES;
				GCC_C_LANGUAGE_STANDARD = gnu99;
				GCC_DYNAMIC_NO_PIC = NO;
				GCC_NO_COMMON_BLOCKS = YES;
				GCC_OPTIMIZATION_LEVEL = 0;
				GCC_PREPROCESSOR_DEFINITIONS = (
					"DEBUG=1",
					"$(inherited)",
				);
				GCC_WARN_64_TO_32_BIT_CONVERSION = YES;
				GCC_WARN_ABOUT_RETURN_TYPE = YES_ERROR;
				GCC_WARN_UNDECLARED_SELECTOR = YES;
				GCC_WARN_UNINITIALIZED_AUTOS = YES_AGGRESSIVE;
				GCC_WARN_UNUSED_FUNCTION = YES;
				GCC_WARN_UNUSED_VARIABLE = YES;
				IPHONEOS_DEPLOYMENT_TARGET = 10.3;
				MTL_ENABLE_DEBUG_INFO = YES;
				ONLY_ACTIVE_ARCH = YES;
				SDKROOT = iphoneos;
				TARGETED_DEVICE_FAMILY = "1,2";
			};
			name = Debug;
		};
		569114681EA9D45900A578C7 /* Release */ = {
			isa = XCBuildConfiguration;
			buildSettings = {
				ALWAYS_SEARCH_USER_PATHS = NO;
				CLANG_ANALYZER_NONNULL = YES;
				CLANG_ANALYZER_NUMBER_OBJECT_CONVERSION = YES_AGGRESSIVE;
				CLANG_CXX_LANGUAGE_STANDARD = "gnu++0x";
				CLANG_CXX_LIBRARY = "libc++";
				CLANG_ENABLE_MODULES = YES;
				CLANG_ENABLE_OBJC_ARC = YES;
				CLANG_WARN_BOOL_CONVERSION = YES;
				CLANG_WARN_CONSTANT_CONVERSION = YES;
				CLANG_WARN_DIRECT_OBJC_ISA_USAGE = YES_ERROR;
				CLANG_WARN_DOCUMENTATION_COMMENTS = YES;
				CLANG_WARN_EMPTY_BODY = YES;
				CLANG_WARN_ENUM_CONVERSION = YES;
				CLANG_WARN_INFINITE_RECURSION = YES;
				CLANG_WARN_INT_CONVERSION = YES;
				CLANG_WARN_OBJC_ROOT_CLASS = YES_ERROR;
				CLANG_WARN_SUSPICIOUS_MOVE = YES;
				CLANG_WARN_UNREACHABLE_CODE = YES;
				CLANG_WARN__DUPLICATE_METHOD_MATCH = YES;
				"CODE_SIGN_IDENTITY[sdk=iphoneos*]" = "iPhone Developer";
				COPY_PHASE_STRIP = NO;
				DEBUG_INFORMATION_FORMAT = "dwarf-with-dsym";
				ENABLE_NS_ASSERTIONS = NO;
				ENABLE_STRICT_OBJC_MSGSEND = YES;
				GCC_C_LANGUAGE_STANDARD = gnu99;
				GCC_NO_COMMON_BLOCKS = YES;
				GCC_WARN_64_TO_32_BIT_CONVERSION = YES;
				GCC_WARN_ABOUT_RETURN_TYPE = YES_ERROR;
				GCC_WARN_UNDECLARED_SELECTOR = YES;
				GCC_WARN_UNINITIALIZED_AUTOS = YES_AGGRESSIVE;
				GCC_WARN_UNUSED_FUNCTION = YES;
				GCC_WARN_UNUSED_VARIABLE = YES;
				IPHONEOS_DEPLOYMENT_TARGET = 10.3;
				MTL_ENABLE_DEBUG_INFO = NO;
				SDKROOT = iphoneos;
				TARGETED_DEVICE_FAMILY = "1,2";
				VALIDATE_PRODUCT = YES;
			};
			name = Release;
		};
		5691146A1EA9D45900A578C7 /* Debug */ = {
			isa = XCBuildConfiguration;
			baseConfigurationReference = 3C024BB155CF5C7C677C71C3 /* Pods-FMDBDemo.debug.xcconfig */;
			buildSettings = {
				ASSETCATALOG_COMPILER_APPICON_NAME = AppIcon;
				INFOPLIST_FILE = FMDBDemo/Info.plist;
				LD_RUNPATH_SEARCH_PATHS = "$(inherited) @executable_path/Frameworks";
				PRODUCT_BUNDLE_IDENTIFIER = sfd.FMDBDemo;
				PRODUCT_NAME = "$(TARGET_NAME)";
			};
			name = Debug;
		};
		5691146B1EA9D45900A578C7 /* Release */ = {
			isa = XCBuildConfiguration;
			baseConfigurationReference = A0A60D0810CC40584096C2EC /* Pods-FMDBDemo.release.xcconfig */;
			buildSettings = {
				ASSETCATALOG_COMPILER_APPICON_NAME = AppIcon;
				INFOPLIST_FILE = FMDBDemo/Info.plist;
				LD_RUNPATH_SEARCH_PATHS = "$(inherited) @executable_path/Frameworks";
				PRODUCT_BUNDLE_IDENTIFIER = sfd.FMDBDemo;
				PRODUCT_NAME = "$(TARGET_NAME)";
			};
			name = Release;
		};
		5691146D1EA9D45900A578C7 /* Debug */ = {
			isa = XCBuildConfiguration;
			buildSettings = {
				BUNDLE_LOADER = "$(TEST_HOST)";
				INFOPLIST_FILE = FMDBDemoTests/Info.plist;
				LD_RUNPATH_SEARCH_PATHS = "$(inherited) @executable_path/Frameworks @loader_path/Frameworks";
				PRODUCT_BUNDLE_IDENTIFIER = sfd.FMDBDemoTests;
				PRODUCT_NAME = "$(TARGET_NAME)";
				TEST_HOST = "$(BUILT_PRODUCTS_DIR)/FMDBDemo.app/FMDBDemo";
			};
			name = Debug;
		};
		5691146E1EA9D45900A578C7 /* Release */ = {
			isa = XCBuildConfiguration;
			buildSettings = {
				BUNDLE_LOADER = "$(TEST_HOST)";
				INFOPLIST_FILE = FMDBDemoTests/Info.plist;
				LD_RUNPATH_SEARCH_PATHS = "$(inherited) @executable_path/Frameworks @loader_path/Frameworks";
				PRODUCT_BUNDLE_IDENTIFIER = sfd.FMDBDemoTests;
				PRODUCT_NAME = "$(TARGET_NAME)";
				TEST_HOST = "$(BUILT_PRODUCTS_DIR)/FMDBDemo.app/FMDBDemo";
			};
			name = Release;
		};
		569114701EA9D45900A578C7 /* Debug */ = {
			isa = XCBuildConfiguration;
			buildSettings = {
				INFOPLIST_FILE = FMDBDemoUITests/Info.plist;
				LD_RUNPATH_SEARCH_PATHS = "$(inherited) @executable_path/Frameworks @loader_path/Frameworks";
				PRODUCT_BUNDLE_IDENTIFIER = sfd.FMDBDemoUITests;
				PRODUCT_NAME = "$(TARGET_NAME)";
				TEST_TARGET_NAME = FMDBDemo;
			};
			name = Debug;
		};
		569114711EA9D45900A578C7 /* Release */ = {
			isa = XCBuildConfiguration;
			buildSettings = {
				INFOPLIST_FILE = FMDBDemoUITests/Info.plist;
				LD_RUNPATH_SEARCH_PATHS = "$(inherited) @executable_path/Frameworks @loader_path/Frameworks";
				PRODUCT_BUNDLE_IDENTIFIER = sfd.FMDBDemoUITests;
				PRODUCT_NAME = "$(TARGET_NAME)";
				TEST_TARGET_NAME = FMDBDemo;
			};
			name = Release;
		};
/* End XCBuildConfiguration section */

/* Begin XCConfigurationList section */
		569114371EA9D45900A578C7 /* Build configuration list for PBXProject "FMDBDemo" */ = {
			isa = XCConfigurationList;
			buildConfigurations = (
				569114671EA9D45900A578C7 /* Debug */,
				569114681EA9D45900A578C7 /* Release */,
			);
			defaultConfigurationIsVisible = 0;
			defaultConfigurationName = Release;
		};
		569114691EA9D45900A578C7 /* Build configuration list for PBXNativeTarget "FMDBDemo" */ = {
			isa = XCConfigurationList;
			buildConfigurations = (
				5691146A1EA9D45900A578C7 /* Debug */,
				5691146B1EA9D45900A578C7 /* Release */,
			);
			defaultConfigurationIsVisible = 0;
		};
		5691146C1EA9D45900A578C7 /* Build configuration list for PBXNativeTarget "FMDBDemoTests" */ = {
			isa = XCConfigurationList;
			buildConfigurations = (
				5691146D1EA9D45900A578C7 /* Debug */,
				5691146E1EA9D45900A578C7 /* Release */,
			);
			defaultConfigurationIsVisible = 0;
		};
		5691146F1EA9D45900A578C7 /* Build configuration list for PBXNativeTarget "FMDBDemoUITests" */ = {
			isa = XCConfigurationList;
			buildConfigurations = (
				569114701EA9D45900A578C7 /* Debug */,
				569114711EA9D45900A578C7 /* Release */,
			);
			defaultConfigurationIsVisible = 0;
		};
/* End XCConfigurationList section */
	};
	rootObject = 569114341EA9D45900A578C7 /* Project object */;
}
